
Microsoft Visual Studio Solution File, Format Version 12.00
# Visual Studio Version 16
VisualStudioVersion = 16.0.29001.49
MinimumVisualStudioVersion = 10.0.40219.1
Project("{FAE04EC0-301F-11D3-BF4B-00C04F79EFBC}") = "WebApiExample", "WebApiExample\WebApiExample.csproj", "{1280985C-265F-49B5-A479-48A4FF085859}"
EndProject
Global
	GlobalSection(SolutionConfigurationPlatforms) = preSolution
		Debug|Any CPU = Debug|Any CPU
		Release|Any CPU = Release|Any CPU
	EndGlobalSection
	GlobalSection(ProjectConfigurationPlatforms) = postSolution
		{1280985C-265F-49B5-A479-48A4FF085859}.Debug|Any CPU.ActiveCfg = Debug|Any CPU
		{1280985C-265F-49B5-A479-48A4FF085859}.Debug|Any CPU.Build.0 = Debug|Any CPU
		{1280985C-265F-49B5-A479-48A4FF085859}.Release|Any CPU.ActiveCfg = Release|Any CPU
		{1280985C-265F-49B5-A479-48A4FF085859}.Release|Any CPU.Build.0 = Release|Any CPU
	EndGlobalSection
	GlobalSection(SolutionProperties) = preSolution
		HideSolutionNode = FALSE
	EndGlobalSection
	GlobalSection(ExtensibilityGlobals) = postSolution
		SolutionGuid = {4F967FA0-C0BC-4696-8B71-C58A98B92CFE}
	EndGlobalSection
EndGlobal
